<?xml version="1.0" encoding="utf-8"?>
<Project ToolsVersion="4.0" xmlns="http://schemas.microsoft.com/developer/msbuild/2003">
  <ItemGroup>
    <Filter Include="소스 파일">
      <UniqueIdentifier>{4FC737F1-C7A5-4376-A066-2A32D752A2FF}</UniqueIdentifier>
      <Extensions>cpp;c;cc;cxx;c++;cppm;ixx;def;odl;idl;hpj;bat;asm;asmx</Extensions>
    </Filter>
    <Filter Include="헤더 파일">
      <UniqueIdentifier>{93995380-89BD-4b04-88EB-625FBE52EBFB}</UniqueIdentifier>
      <Extensions>h;hh;hpp;hxx;h++;hm;inl;inc;ipp;xsd</Extensions>
    </Filter>
    <Filter Include="리소스 파일">
      <UniqueIdentifier>{67DA6AB6-F800-4c08-8B7A-83BB121AAD01}</UniqueIdentifier>
      <Extensions>rc;ico;cur;bmp;dlg;rc2;rct;bin;rgs;gif;jpg;jpeg;jpe;resx;tiff;tif;png;wav;mfcribbon-ms</Extensions>
    </Filter>
    <Filter Include="Shaders">
      <UniqueIdentifier>{61643591-1550-48fd-9908-abe8cb3d2a03}</UniqueIdentifier>
    </Filter>
    <Filter Include="헤더 파일\Scene.h">
      <UniqueIdentifier>{5371f12d-4fe3-481d-b406-bf67bfcbf680}</UniqueIdentifier>
    </Filter>
    <Filter Include="소스 파일\Scene.cpp">
      <UniqueIdentifier>{dc1e2e6f-81a3-4183-8bdd-99b225217ee4}</UniqueIdentifier>
    </Filter>
    <Filter Include="헤더 파일\NetWork">
      <UniqueIdentifier>{c431865d-9c16-453e-a56b-faffeb1e970f}</UniqueIdentifier>
    </Filter>
    <Filter Include="헤더 파일\Player">
      <UniqueIdentifier>{628a2fe6-a9fb-4112-a793-1a017be906bd}</UniqueIdentifier>
    </Filter>
    <Filter Include="소스 파일\Player">
      <UniqueIdentifier>{e0a1c08d-b202-4d4a-9161-b703eac69df6}</UniqueIdentifier>
    </Filter>
  </ItemGroup>
  <ItemGroup>
    <None Include="packages.config" />
    <None Include="Textures\UI\BossHealthBar_Thin_Frame_2048x256.dds">
      <Filter>리소스 파일</Filter>
    </None>
    <None Include="Textures\UI\HP_Fill_1024x128.dds">
      <Filter>리소스 파일</Filter>
    </None>
    <None Include="Textures\UI\HPMP_Frame_1024x384_ratio.dds">
      <Filter>리소스 파일</Filter>
    </None>
    <None Include="Textures\UI\HPMP_Gloss_1024x256.dds">
      <Filter>리소스 파일</Filter>
    </None>
    <None Include="Textures\UI\Lantern_Core_Glow_512x512.dds">
      <Filter>리소스 파일</Filter>
    </None>
    <None Include="Textures\UI\Lantern_Frame_512x512.dds">
      <Filter>리소스 파일</Filter>
    </None>
    <None Include="Textures\UI\Lantern_Ring_Fill_512x512.dds">
      <Filter>리소스 파일</Filter>
    </None>
    <None Include="Textures\UI\MP_Fill_1024x128.dds">
      <Filter>리소스 파일</Filter>
    </None>
    <None Include="Textures\UI\SkillBar_TwoSlots_1024x512.dds">
      <Filter>리소스 파일</Filter>
    </None>
    <None Include="Textures\UI\Skill_Archer_ArrowRain_512x512.dds">
      <Filter>리소스 파일</Filter>
    </None>
    <None Include="Textures\UI\Skill_Archer_WindImbuement_512x512.dds">
      <Filter>리소스 파일</Filter>
    </None>
    <None Include="Textures\UI\Skill_Mage_HealingLight_512x512.dds">
      <Filter>리소스 파일</Filter>
    </None>
    <None Include="Textures\UI\Skill_Mage_Meteor_512x512.dds">
      <Filter>리소스 파일</Filter>
    </None>
    <None Include="Textures\UI\Skill_Warrior_EarthquakeSlam_512x512.dds">
      <Filter>리소스 파일</Filter>
    </None>
    <None Include="Textures\UI\Skill_Warrior_GreatswordSummon_512x512.dds">
      <Filter>리소스 파일</Filter>
    </None>
    <None Include="Light.hlsl">
      <Filter>Shaders</Filter>
    </None>
    <None Include="Shadow.hlsl">
      <Filter>Shaders</Filter>
    </None>
    <None Include="Sky.hlsl">
      <Filter>Shaders</Filter>
    </None>
    <None Include="color.hlsl">
      <Filter>Shaders</Filter>
    </None>
    <None Include="Distortion.hlsl">
      <Filter>Shaders</Filter>
    </None>
    <None Include="MirrorBreak.hlsl">
      <Filter>Shaders</Filter>
    </None>
  </ItemGroup>
  <ItemGroup>
    <ClCompile Include="GameFramework.cpp">
      <Filter>소스 파일</Filter>
    </ClCompile>
    <ClCompile Include="EclipseWalkerGame.cpp">
      <Filter>소스 파일</Filter>
    </ClCompile>
    <ClCompile Include="Main.cpp">
      <Filter>소스 파일</Filter>
    </ClCompile>
    <ClCompile Include="GameTimer.cpp">
      <Filter>소스 파일</Filter>
    </ClCompile>
    <ClCompile Include="d3dUtil.cpp">
      <Filter>소스 파일</Filter>
    </ClCompile>
    <ClCompile Include="Camera.cpp">
      <Filter>소스 파일</Filter>
    </ClCompile>
    <ClCompile Include="FrameResource.cpp">
      <Filter>소스 파일</Filter>
    </ClCompile>
    <ClCompile Include="MathHelper.cpp">
      <Filter>소스 파일</Filter>
    </ClCompile>
    <ClCompile Include="DDSTextureLoader.cpp">
      <Filter>소스 파일</Filter>
    </ClCompile>
    <ClCompile Include="GameObject.cpp">
      <Filter>소스 파일</Filter>
    </ClCompile>
    <ClCompile Include="ResourceManager.cpp">
      <Filter>소스 파일</Filter>
    </ClCompile>
    <ClCompile Include="Renderer.cpp">
      <Filter>소스 파일</Filter>
    </ClCompile>
    <ClCompile Include="CharacterVisualFactory.cpp">
      <Filter>소스 파일</Filter>
    </ClCompile>
    <ClCompile Include="ShadowMap.cpp">
      <Filter>소스 파일</Filter>
    </ClCompile>
    <ClCompile Include="MapSystem.cpp">
      <Filter>소스 파일</Filter>
    </ClCompile>
    <ClCompile Include="Stage1Scene.cpp">
      <Filter>소스 파일\Scene.cpp</Filter>
    </ClCompile>
    <ClCompile Include="Stage2BossController.cpp">
      <Filter>소스 파일\Scene.cpp</Filter>
    </ClCompile>
    <ClCompile Include="Stage2Scene.cpp">
      <Filter>소스 파일\Scene.cpp</Filter>
    </ClCompile>
    <ClCompile Include="LoginScene.cpp">
      <Filter>소스 파일\Scene.cpp</Filter>
    </ClCompile>
    <ClCompile Include="MainMenuScene.cpp">
      <Filter>소스 파일\Scene.cpp</Filter>
    </ClCompile>
    <ClCompile Include="CharSelectScene.cpp">
      <Filter>소스 파일\Scene.cpp</Filter>
    </ClCompile>
    <ClCompile Include="UIManager.cpp">
      <Filter>소스 파일</Filter>
    </ClCompile>
    <ClCompile Include="Monster.cpp">
      <Filter>소스 파일</Filter>
    </ClCompile>
    <ClCompile Include="NetworkManager.cpp">
      <Filter>소스 파일</Filter>
    </ClCompile>
    <ClCompile Include="Player.cpp">
      <Filter>소스 파일\Player</Filter>
    </ClCompile>
    <ClCompile Include="Warrior.cpp">
      <Filter>소스 파일\Player</Filter>
    </ClCompile>
    <ClCompile Include="Mage.cpp">
      <Filter>소스 파일\Player</Filter>
    </ClCompile>
    <ClCompile Include="Archer.cpp">
      <Filter>소스 파일\Player</Filter>
    </ClCompile>
    <ClCompile Include="WorldTransitionEffect.cpp">
      <Filter>소스 파일</Filter>
    </ClCompile>
    <ClCompile Include="AnimationLoader.cpp">
      <Filter>소스 파일</Filter>
    </ClCompile>
    <ClCompile Include="Animator.cpp">
      <Filter>소스 파일</Filter>
    </ClCompile>
    <ClCompile Include="SkeletalAnimationComponent.cpp">
      <Filter>소스 파일</Filter>
    </ClCompile>
    <ClCompile Include="SocketAttachmentSystem.cpp">
      <Filter>소스 파일</Filter>
    </ClCompile>
    <ClCompile Include="SkinnedMeshBuilder.cpp">
      <Filter>소스 파일</Filter>
    </ClCompile>
    <ClCompile Include="LanternSystem.cpp">
      <Filter>소스 파일</Filter>
    </ClCompile>
    <ClCompile Include="InteractiveDoor.cpp">
      <Filter>소스 파일</Filter>
    </ClCompile>
    <ClCompile Include="DamageTextRenderer.cpp">
      <Filter>소스 파일</Filter>
    </ClCompile>
    <ClCompile Include="DebugColliderVisualizer.cpp">
      <Filter>소스 파일</Filter>
    </ClCompile>
  </ItemGroup>
  <ItemGroup>
    <ClInclude Include="d3dx12.h">
      <Filter>헤더 파일</Filter>
    </ClInclude>
    <ClInclude Include="d3dUtil.h">
      <Filter>헤더 파일</Filter>
    </ClInclude>
    <ClInclude Include="GameFramework.h">
      <Filter>헤더 파일</Filter>
    </ClInclude>
    <ClInclude Include="EclipseWalkerGame.h">
      <Filter>헤더 파일</Filter>
    </ClInclude>
    <ClInclude Include="GameTimer.h">
      <Filter>헤더 파일</Filter>
    </ClInclude>
    <ClInclude Include="UploadBuffer.h">
      <Filter>헤더 파일</Filter>
    </ClInclude>
    <ClInclude Include="MeshGeometry.h">
      <Filter>헤더 파일</Filter>
    </ClInclude>
    <ClInclude Include="Vertices.h">
      <Filter>헤더 파일</Filter>
    </ClInclude>
    <ClInclude Include="Camera.h">
      <Filter>헤더 파일</Filter>
    </ClInclude>
    <ClInclude Include="RenderItem.h">
      <Filter>헤더 파일</Filter>
    </ClInclude>
    <ClInclude Include="FrameResource.h">
      <Filter>헤더 파일</Filter>
    </ClInclude>
    <ClInclude Include="MathHelper.h">
      <Filter>헤더 파일</Filter>
    </ClInclude>
    <ClInclude Include="Material.h">
      <Filter>헤더 파일</Filter>
    </ClInclude>
    <ClInclude Include="DDSTextureLoader.h">
      <Filter>헤더 파일</Filter>
    </ClInclude>
    <ClInclude Include="DebugConfig.h">
      <Filter>헤더 파일</Filter>
    </ClInclude>
    <ClInclude Include="DamageTextRenderer.h">
      <Filter>헤더 파일</Filter>
    </ClInclude>
    <ClInclude Include="DebugColliderVisualizer.h">
      <Filter>헤더 파일</Filter>
    </ClInclude>
    <ClInclude Include="Texture.h">
      <Filter>헤더 파일</Filter>
    </ClInclude>
    <ClInclude Include="Light.h">
      <Filter>헤더 파일</Filter>
    </ClInclude>
    <ClInclude Include="ModelLoader.h">
      <Filter>헤더 파일</Filter>
    </ClInclude>
    <ClInclude Include="GameObject.h">
      <Filter>헤더 파일</Filter>
    </ClInclude>
    <ClInclude Include="ResourceManager.h">
      <Filter>헤더 파일</Filter>
    </ClInclude>
    <ClInclude Include="Renderer.h">
      <Filter>헤더 파일</Filter>
    </ClInclude>
    <ClInclude Include="CharacterVisualFactory.h">
      <Filter>헤더 파일</Filter>
    </ClInclude>
    <ClInclude Include="ShadowMap.h">
      <Filter>헤더 파일</Filter>
    </ClInclude>
    <ClInclude Include="MapSystem.h">
      <Filter>헤더 파일</Filter>
    </ClInclude>
    <ClInclude Include="Scene.h">
      <Filter>헤더 파일\Scene.h</Filter>
    </ClInclude>
    <ClInclude Include="LoginScene.h">
      <Filter>헤더 파일\Scene.h</Filter>
    </ClInclude>
    <ClInclude Include="MainMenuScene.h">
      <Filter>헤더 파일\Scene.h</Filter>
    </ClInclude>
    <ClInclude Include="Stage1Scene.h">
      <Filter>헤더 파일\Scene.h</Filter>
    </ClInclude>
    <ClInclude Include="Stage2BossController.h">
      <Filter>헤더 파일\Scene.h</Filter>
    </ClInclude>
    <ClInclude Include="Stage2Scene.h">
      <Filter>헤더 파일\Scene.h</Filter>
    </ClInclude>
    <ClInclude Include="SocketAttachmentSystem.h">
      <Filter>헤더 파일</Filter>
    </ClInclude>
    <ClInclude Include="CharSelectScene.h">
      <Filter>헤더 파일\Scene.h</Filter>
    </ClInclude>
    <ClInclude Include="UIManager.h">
      <Filter>헤더 파일</Filter>
    </ClInclude>
    <ClInclude Include="Monster.h">
      <Filter>헤더 파일</Filter>
    </ClInclude>
    <ClInclude Include="Protocol.h">
      <Filter>헤더 파일\NetWork</Filter>
    </ClInclude>
    <ClInclude Include="NetworkManager.h">
      <Filter>헤더 파일\NetWork</Filter>
    </ClInclude>
    <ClInclude Include="Player.h">
      <Filter>헤더 파일\Player</Filter>
    </ClInclude>
    <ClInclude Include="Warrior.h">
      <Filter>헤더 파일\Player</Filter>
    </ClInclude>
    <ClInclude Include="Mage.h">
      <Filter>헤더 파일\Player</Filter>
    </ClInclude>
    <ClInclude Include="Archer.h">
      <Filter>헤더 파일\Player</Filter>
    </ClInclude>
    <ClInclude Include="WorldTransitionEffect.h">
      <Filter>헤더 파일</Filter>
    </ClInclude>
    <ClInclude Include="AnimationLoader.h">
      <Filter>헤더 파일</Filter>
    </ClInclude>
    <ClInclude Include="AnimationStructures.h">
      <Filter>헤더 파일</Filter>
    </ClInclude>
    <ClInclude Include="AnimationUtils.h">
      <Filter>헤더 파일</Filter>
    </ClInclude>
    <ClInclude Include="Animator.h">
      <Filter>헤더 파일</Filter>
    </ClInclude>
    <ClInclude Include="SkeletalAnimationComponent.h">
      <Filter>헤더 파일</Filter>
    </ClInclude>
    <ClInclude Include="SkinnedMeshBuilder.h">
      <Filter>헤더 파일</Filter>
    </ClInclude>
    <ClInclude Include="LanternSystem.h">
      <Filter>헤더 파일</Filter>
    </ClInclude>
    <ClInclude Include="InteractiveDoor.h">
      <Filter>헤더 파일</Filter>
    </ClInclude>
  </ItemGroup>
  <ItemGroup>
    <None Include="Skinned.hlsl">
      <Filter>Shaders</Filter>
    </None>
  </ItemGroup>
</Project>
